
Microsoft Visual Studio Solution File, Format Version 12.00
# Visual Studio Version 17
VisualStudioVersion = 17.5.002.0
MinimumVisualStudioVersion = 10.0.40219.1
Project("{9A19103F-16F7-4668-BE54-9A1E7A4F7556}") = "PizzaStore", "PizzaStore.csproj", "{C1BA56DC-1E26-439E-9B18-C0722077BADC}"
EndProject
Global
	GlobalSection(SolutionConfigurationPlatforms) = preSolution
		Debug|Any CPU = Debug|Any CPU
		Release|Any CPU = Release|Any CPU
	EndGlobalSection
	GlobalSection(ProjectConfigurationPlatforms) = postSolution
		{C1BA56DC-1E26-439E-9B18-C0722077BADC}.Debug|Any CPU.ActiveCfg = Debug|Any CPU
		{C1BA56DC-1E26-439E-9B18-C0722077BADC}.Debug|Any CPU.Build.0 = Debug|Any CPU
		{C1BA56DC-1E26-439E-9B18-C0722077BADC}.Release|Any CPU.ActiveCfg = Release|Any CPU
		{C1BA56DC-1E26-439E-9B18-C0722077BADC}.Release|Any CPU.Build.0 = Release|Any CPU
	EndGlobalSection
	GlobalSection(SolutionProperties) = preSolution
		HideSolutionNode = FALSE
	EndGlobalSection
	GlobalSection(ExtensibilityGlobals) = postSolution
		SolutionGuid = {B3FF0CC2-E75E-4763-839D-95263C0E1E56}
	EndGlobalSection
EndGlobal
